
Microsoft Visual Studio Solution File, Format Version 12.00
# Visual Studio Version 17
VisualStudioVersion = 17.2.32602.215
MinimumVisualStudioVersion = 10.0.40219.1
Project("{FAE04EC0-301F-11D3-BF4B-00C04F79EFBC}") = "testus2", "testus2\testus2.csproj", "{A0C22302-184E-4F60-9CAA-F687A73BD664}"
EndProject
Global
	GlobalSection(SolutionConfigurationPlatforms) = preSolution
		Debug|Any CPU = Debug|Any CPU
		Release|Any CPU = Release|Any CPU
	EndGlobalSection
	GlobalSection(ProjectConfigurationPlatforms) = postSolution
		{A0C22302-184E-4F60-9CAA-F687A73BD664}.Debug|Any CPU.ActiveCfg = Debug|Any CPU
		{A0C22302-184E-4F60-9CAA-F687A73BD664}.Debug|Any CPU.Build.0 = Debug|Any CPU
		{A0C22302-184E-4F60-9CAA-F687A73BD664}.Release|Any CPU.ActiveCfg = Release|Any CPU
		{A0C22302-184E-4F60-9CAA-F687A73BD664}.Release|Any CPU.Build.0 = Release|Any CPU
	EndGlobalSection
	GlobalSection(SolutionProperties) = preSolution
		HideSolutionNode = FALSE
	EndGlobalSection
	GlobalSection(ExtensibilityGlobals) = postSolution
		SolutionGuid = {3C164570-5075-4E27-8350-6583F0BF5C1E}
	EndGlobalSection
EndGlobal
